
Microsoft Visual Studio Solution File, Format Version 12.00
# Visual Studio Version 17
VisualStudioVersion = 17.5.002.0
MinimumVisualStudioVersion = 10.0.40219.1
Project("{9A19103F-16F7-4668-BE54-9A1E7A4F7556}") = "sequisersim", "sequisersim.csproj", "{9D2F7C23-71AC-4C60-806C-58BDC1053C5C}"
EndProject
Global
	GlobalSection(SolutionConfigurationPlatforms) = preSolution
		Debug|Any CPU = Debug|Any CPU
		Release|Any CPU = Release|Any CPU
	EndGlobalSection
	GlobalSection(ProjectConfigurationPlatforms) = postSolution
		{9D2F7C23-71AC-4C60-806C-58BDC1053C5C}.Debug|Any CPU.ActiveCfg = Debug|Any CPU
		{9D2F7C23-71AC-4C60-806C-58BDC1053C5C}.Debug|Any CPU.Build.0 = Debug|Any CPU
		{9D2F7C23-71AC-4C60-806C-58BDC1053C5C}.Release|Any CPU.ActiveCfg = Release|Any CPU
		{9D2F7C23-71AC-4C60-806C-58BDC1053C5C}.Release|Any CPU.Build.0 = Release|Any CPU
	EndGlobalSection
	GlobalSection(SolutionProperties) = preSolution
		HideSolutionNode = FALSE
	EndGlobalSection
	GlobalSection(ExtensibilityGlobals) = postSolution
		SolutionGuid = {D60AEE47-D3A3-4151-B055-8B0AE91EC0E2}
	EndGlobalSection
EndGlobal
